
Microsoft Visual Studio Solution File, Format Version 12.00
# Visual Studio Version 17
VisualStudioVersion = 17.0.31903.59
MinimumVisualStudioVersion = 10.0.40219.1
Project("{9A19103F-16F7-4668-BE54-9A1E7A4F7556}") = "Shopper.Api", "Shopper.Api\Shopper.Api.csproj", "{3796456C-93FF-43D4-A80E-219F8E06E3FA}"
EndProject
Project("{9A19103F-16F7-4668-BE54-9A1E7A4F7556}") = "Shopper.Domain", "Shopper.Domain\Shopper.Domain.csproj", "{A8049097-3CA7-4C99-8417-CBE519025B09}"
EndProject
Project("{9A19103F-16F7-4668-BE54-9A1E7A4F7556}") = "Shopper.Application", "Shopper.Application\Shopper.Application.csproj", "{152E6C5B-B3FA-406C-99BE-70A2AA8A2BCA}"
EndProject
Project("{9A19103F-16F7-4668-BE54-9A1E7A4F7556}") = "Shopper.Infrastructure", "Shopper.Infrastructure\Shopper.Infrastructure.csproj", "{4A334B48-4324-4707-AC89-BE9F4BD2EA9A}"
EndProject
Global
	GlobalSection(SolutionConfigurationPlatforms) = preSolution
		Debug|Any CPU = Debug|Any CPU
		Release|Any CPU = Release|Any CPU
	EndGlobalSection
	GlobalSection(ProjectConfigurationPlatforms) = postSolution
		{3796456C-93FF-43D4-A80E-219F8E06E3FA}.Debug|Any CPU.ActiveCfg = Debug|Any CPU
		{3796456C-93FF-43D4-A80E-219F8E06E3FA}.Debug|Any CPU.Build.0 = Debug|Any CPU
		{3796456C-93FF-43D4-A80E-219F8E06E3FA}.Release|Any CPU.ActiveCfg = Release|Any CPU
		{3796456C-93FF-43D4-A80E-219F8E06E3FA}.Release|Any CPU.Build.0 = Release|Any CPU
		{A8049097-3CA7-4C99-8417-CBE519025B09}.Debug|Any CPU.ActiveCfg = Debug|Any CPU
		{A8049097-3CA7-4C99-8417-CBE519025B09}.Debug|Any CPU.Build.0 = Debug|Any CPU
		{A8049097-3CA7-4C99-8417-CBE519025B09}.Release|Any CPU.ActiveCfg = Release|Any CPU
		{A8049097-3CA7-4C99-8417-CBE519025B09}.Release|Any CPU.Build.0 = Release|Any CPU
		{152E6C5B-B3FA-406C-99BE-70A2AA8A2BCA}.Debug|Any CPU.ActiveCfg = Debug|Any CPU
		{152E6C5B-B3FA-406C-99BE-70A2AA8A2BCA}.Debug|Any CPU.Build.0 = Debug|Any CPU
		{152E6C5B-B3FA-406C-99BE-70A2AA8A2BCA}.Release|Any CPU.ActiveCfg = Release|Any CPU
		{152E6C5B-B3FA-406C-99BE-70A2AA8A2BCA}.Release|Any CPU.Build.0 = Release|Any CPU
		{4A334B48-4324-4707-AC89-BE9F4BD2EA9A}.Debug|Any CPU.ActiveCfg = Debug|Any CPU
		{4A334B48-4324-4707-AC89-BE9F4BD2EA9A}.Debug|Any CPU.Build.0 = Debug|Any CPU
		{4A334B48-4324-4707-AC89-BE9F4BD2EA9A}.Release|Any CPU.ActiveCfg = Release|Any CPU
		{4A334B48-4324-4707-AC89-BE9F4BD2EA9A}.Release|Any CPU.Build.0 = Release|Any CPU
	EndGlobalSection
	GlobalSection(SolutionProperties) = preSolution
		HideSolutionNode = FALSE
	EndGlobalSection
	GlobalSection(ExtensibilityGlobals) = postSolution
		SolutionGuid = {8C418076-6669-4ED3-9507-94B6F85DABF7}
	EndGlobalSection
EndGlobal
